Microsoft Visual Studio Solution File, Format Version 12.00
# Visual Studio 15
VisualStudioVersion = 15.0.26730.15
MinimumVisualStudioVersion = 10.0.40219.1
Project("{2150E333-8FDC-42A3-9474-1A3956D46DE8}") = "Solution Items", "Solution Items", "{429FD7E3-3D86-4F96-85B1-BDB8A598EEA5}"
	ProjectSection(SolutionItems) = preProject
		LICENSE = LICENSE
		README.md = README.md
	EndProjectSection
EndProject
Project("{9A19103F-16F7-4668-BE54-9A1E7A4F7556}") = "OpenCL.Core.Net", "Sources\OpenCL.Core.Net\OpenCL.Core.Net.csproj", "{5C9B8B7E-0691-475C-B2FB-46A5A45AE379}"
EndProject
Project("{9A19103F-16F7-4668-BE54-9A1E7A4F7556}") = "OpenCL.Types.Core.Net", "Sources\OpenCL.Types.Core.Net\OpenCL.Types.Core.Net.csproj", "{704D1E47-6C42-41B2-A693-780D535A2543}"
EndProject
Project("{9A19103F-16F7-4668-BE54-9A1E7A4F7556}") = "Temp", "Sources\Temp\Temp.csproj", "{8680E345-E052-4AF8-9F7C-9052C33CF159}"
EndProject
Project("{9A19103F-16F7-4668-BE54-9A1E7A4F7556}") = "OpenCL.Core.Net.Tests", "Sources\OpenCL.Core.Net.Tests\OpenCL.Core.Net.Tests.csproj", "{5EF7E456-9D48-4D15-B667-CC3C74E56277}"
EndProject
Project("{FAE04EC0-301F-11D3-BF4B-00C04F79EFBC}") = "OpenCL.Core.Net.Containers", "Sources\OpenCL.Core.Net.Containers\OpenCL.Core.Net.Containers.csproj", "{D6937CEF-00BF-4D7D-9B9A-784C983B32A9}"
EndProject
Global
	GlobalSection(SolutionConfigurationPlatforms) = preSolution
		Debug|Any CPU = Debug|Any CPU
		Release|Any CPU = Release|Any CPU
	EndGlobalSection
	GlobalSection(ProjectConfigurationPlatforms) = postSolution
		{5C9B8B7E-0691-475C-B2FB-46A5A45AE379}.Debug|Any CPU.ActiveCfg = Debug|Any CPU
		{5C9B8B7E-0691-475C-B2FB-46A5A45AE379}.Debug|Any CPU.Build.0 = Debug|Any CPU
		{5C9B8B7E-0691-475C-B2FB-46A5A45AE379}.Release|Any CPU.ActiveCfg = Release|Any CPU
		{5C9B8B7E-0691-475C-B2FB-46A5A45AE379}.Release|Any CPU.Build.0 = Release|Any CPU
		{704D1E47-6C42-41B2-A693-780D535A2543}.Debug|Any CPU.ActiveCfg = Debug|Any CPU
		{704D1E47-6C42-41B2-A693-780D535A2543}.Debug|Any CPU.Build.0 = Debug|Any CPU
		{704D1E47-6C42-41B2-A693-780D535A2543}.Release|Any CPU.ActiveCfg = Release|Any CPU
		{704D1E47-6C42-41B2-A693-780D535A2543}.Release|Any CPU.Build.0 = Release|Any CPU
		{8680E345-E052-4AF8-9F7C-9052C33CF159}.Debug|Any CPU.ActiveCfg = Debug|Any CPU
		{8680E345-E052-4AF8-9F7C-9052C33CF159}.Debug|Any CPU.Build.0 = Debug|Any CPU
		{8680E345-E052-4AF8-9F7C-9052C33CF159}.Release|Any CPU.ActiveCfg = Release|Any CPU
		{8680E345-E052-4AF8-9F7C-9052C33CF159}.Release|Any CPU.Build.0 = Release|Any CPU
		{5EF7E456-9D48-4D15-B667-CC3C74E56277}.Debug|Any CPU.ActiveCfg = Debug|Any CPU
		{5EF7E456-9D48-4D15-B667-CC3C74E56277}.Debug|Any CPU.Build.0 = Debug|Any CPU
		{5EF7E456-9D48-4D15-B667-CC3C74E56277}.Release|Any CPU.ActiveCfg = Release|Any CPU
		{5EF7E456-9D48-4D15-B667-CC3C74E56277}.Release|Any CPU.Build.0 = Release|Any CPU
		{D6937CEF-00BF-4D7D-9B9A-784C983B32A9}.Debug|Any CPU.ActiveCfg = Debug|Any CPU
		{D6937CEF-00BF-4D7D-9B9A-784C983B32A9}.Debug|Any CPU.Build.0 = Debug|Any CPU
		{D6937CEF-00BF-4D7D-9B9A-784C983B32A9}.Release|Any CPU.ActiveCfg = Release|Any CPU
		{D6937CEF-00BF-4D7D-9B9A-784C983B32A9}.Release|Any CPU.Build.0 = Release|Any CPU
	EndGlobalSection
	GlobalSection(SolutionProperties) = preSolution
		HideSolutionNode = FALSE
	EndGlobalSection
	GlobalSection(ExtensibilityGlobals) = postSolution
		SolutionGuid = {2D3C05F0-9BCF-4902-9C35-B411BB600E2B}
	EndGlobalSection
	GlobalSection(SubversionScc) = preSolution
		Svn-Managed = True
		Manager = AnkhSVN - Subversion Support for Visual Studio
	EndGlobalSection
EndGlobal
